// !$*UTF8*$!
{
	archiveVersion = 1;
	classes = {
	};
	objectVersion = 46;
	objects = {

/* Begin PBXBuildFile section */
		ADB5752D1E8D10B500D4A28E /* main.m in Sources */ = {isa = PBXBuildFile; fileRef = ADB5752C1E8D10B500D4A28E /* main.m */; };
		ADB575301E8D10B500D4A28E /* AppDelegate.m in Sources */ = {isa = PBXBuildFile; fileRef = ADB5752F1E8D10B500D4A28E /* AppDelegate.m */; };
		ADB575331E8D10B500D4A28E /* ViewController.m in Sources */ = {isa = PBXBuildFile; fileRef = ADB575321E8D10B500D4A28E /* ViewController.m */; };
		ADB575361E8D10B500D4A28E /* Main.storyboard in Resources */ = {isa = PBXBuildFile; fileRef = ADB575341E8D10B500D4A28E /* Main.storyboard */; };
		ADB575381E8D10B500D4A28E /* Assets.xcassets in Resources */ = {isa = PBXBuildFile; fileRef = ADB575371E8D10B500D4A28E /* Assets.xcassets */; };
		ADB5753B1E8D10B500D4A28E /* LaunchScreen.storyboard in Resources */ = {isa = PBXBuildFile; fileRef = ADB575391E8D10B500D4A28E /* LaunchScreen.storyboard */; };
/* End PBXBuildFile section */

/* Begin PBXFileReference section */
		ADB575281E8D10B500D4A28E /* FlipAnimation.app */ = {isa = PBXFileReference; explicitFileType = wrapper.application; includeInIndex = 0; path = FlipAnimation.app; sourceTree = BUILT_PRODUCTS_DIR; };
		ADB5752C1E8D10B500D4A28E /* main.m */ = {isa = PBXFileReference; lastKnownFileType = sourcecode.c.objc; path = main.m; sourceTree = "<group>"; };
		ADB5752E1E8D10B500D4A28E /* AppDelegate.h */ = {isa = PBXFileReference; lastKnownFileType = sourcecode.c.h; path = AppDelegate.h; sourceTree = "<group>"; };
		ADB5752F1E8D10B500D4A28E /* AppDelegate.m */ = {isa = PBXFileReference; lastKnownFileType = sourcecode.c.objc; path = AppDelegate.m; sourceTree = "<group>"; };
		ADB575311E8D10B500D4A28E /* ViewController.h */ = {isa = PBXFileReference; lastKnownFileType = sourcecode.c.h; path = ViewController.h; sourceTree = "<group>"; };
		ADB575321E8D10B500D4A28E /* ViewController.m */ = {isa = PBXFileReference; lastKnownFileType = sourcecode.c.objc; path = ViewController.m; sourceTree = "<group>"; };
		ADB575351E8D10B500D4A28E /* Base */ = {isa = PBXFileReference; lastKnownFileType = file.storyboard; name = Base; path = Base.lproj/Main.storyboard; sourceTree = "<group>"; };
		ADB575371E8D10B500D4A28E /* Assets.xcassets */ = {isa = PBXFileReference; lastKnownFileType = folder.assetcatalog; path = Assets.xcassets; sourceTree = "<group>"; };
		ADB5753A1E8D10B500D4A28E /* Base */ = {isa = PBXFileReference; lastKnownFileType = file.storyboard; name = Base; path = Base.lproj/LaunchScreen.storyboard; sourceTree = "<group>"; };
		ADB5753C1E8D10B500D4A28E /* Info.plist */ = {isa = PBXFileReference; lastKnownFileType = text.plist.xml; path = Info.plist; sourceTree = "<group>"; };
/* End PBXFileReference section */

/* Begin PBXFrameworksBuildPhase section */
		ADB575251E8D10B500D4A28E /* Frameworks */ = {
			isa = PBXFrameworksBuildPhase;
			buildActionMask = 2147483647;
			files = (
			);
			runOnlyForDeploymentPostprocessing = 0;
		};
/* End PBXFrameworksBuildPhase section */

/* Begin PBXGroup section */
		ADB5751F1E8D10B500D4A28E = {
			isa = PBXGroup;
			children = (
				ADB5752A1E8D10B500D4A28E /* FlipAnimation */,
				ADB575291E8D10B500D4A28E /* Products */,
			);
			sourceTree = "<group>";
		};
		ADB575291E8D10B500D4A28E /* Products */ = {
			isa = PBXGroup;
			children = (
				ADB575281E8D10B500D4A28E /* FlipAnimation.app */,
			);
			name = Products;
			sourceTree = "<group>";
		};
		ADB5752A1E8D10B500D4A28E /* FlipAnimation */ = {
			isa = PBXGroup;
			children = (
				ADB5752E1E8D10B500D4A28E /* AppDelegate.h */,
				ADB5752F1E8D10B500D4A28E /* AppDelegate.m */,
				ADB575311E8D10B500D4A28E /* ViewController.h */,
				ADB575321E8D10B500D4A28E /* ViewController.m */,
				ADB575341E8D10B500D4A28E /* Main.storyboard */,
				ADB575371E8D10B500D4A28E /* Assets.xcassets */,
				ADB575391E8D10B500D4A28E /* LaunchScreen.storyboard */,
				ADB5753C1E8D10B500D4A28E /* Info.plist */,
				ADB5752B1E8D10B500D4A28E /* Supporting Files */,
			);
			path = FlipAnimation;
			sourceTree = "<group>";
		};
		ADB5752B1E8D10B500D4A28E /* Supporting Files */ = {
			isa = PBXGroup;
			children = (
				ADB5752C1E8D10B500D4A28E /* main.m */,
			);
			name = "Supporting Files";
			sourceTree = "<group>";
		};
/* End PBXGroup section */

/* Begin PBXNativeTarget section */
		ADB575271E8D10B500D4A28E /* FlipAnimation */ = {
			isa = PBXNativeTarget;
			buildConfigurationList = ADB5753F1E8D10B500D4A28E /* Build configuration list for PBXNativeTarget "FlipAnimation" */;
			buildPhases = (
				ADB575241E8D10B500D4A28E /* Sources */,
				ADB575251E8D10B500D4A28E /* Frameworks */,
				ADB575261E8D10B500D4A28E /* Resources */,
			);
			buildRules = (
			);
			dependencies = (
			);
			name = FlipAnimation;
			productName = FlipAnimation;
			productReference = ADB575281E8D10B500D4A28E /* FlipAnimation.app */;
			productType = "com.apple.product-type.application";
		};
/* End PBXNativeTarget section */

/* Begin PBXProject section */
		ADB575201E8D10B500D4A28E /* Project object */ = {
			isa = PBXProject;
			attributes = {
				LastUpgradeCheck = 0830;
				ORGANIZATIONNAME = syang;
				TargetAttributes = {
					ADB575271E8D10B500D4A28E = {
						CreatedOnToolsVersion = 8.3;
						ProvisioningStyle = Automatic;
					};
				};
			};
			buildConfigurationList = ADB575231E8D10B500D4A28E /* Build configuration list for PBXProject "FlipAnimation" */;
			compatibilityVersion = "Xcode 3.2";
			developmentRegion = English;
			hasScannedForEncodings = 0;
			knownRegions = (
				en,
				Base,
			);
			mainGroup = ADB5751F1E8D10B500D4A28E;
			productRefGroup = ADB575291E8D10B500D4A28E /* Products */;
			projectDirPath = "";
			projectRoot = "";
			targets = (
				ADB575271E8D10B500D4A28E /* FlipAnimation */,
			);
		};
/* End PBXProject section */

/* Begin PBXResourcesBuildPhase section */
		ADB575261E8D10B500D4A28E /* Resources */ = {
			isa = PBXResourcesBuildPhase;
			buildActionMask = 2147483647;
			files = (
				ADB5753B1E8D10B500D4A28E /* LaunchScreen.storyboard in Resources */,
				ADB575381E8D10B500D4A28E /* Assets.xcassets in Resources */,
				ADB575361E8D10B500D4A28E /* Main.storyboard in Resources */,
			);
			runOnlyForDeploymentPostprocessing = 0;
		};
/* End PBXResourcesBuildPhase section */

/* Begin PBXSourcesBuildPhase section */
		ADB575241E8D10B500D4A28E /* Sources */ = {
			isa = PBXSourcesBuildPhase;
			buildActionMask = 2147483647;
			files = (
				ADB575331E8D10B500D4A28E /* ViewController.m in Sources */,
				ADB575301E8D10B500D4A28E /* AppDelegate.m in Sources */,
				ADB5752D1E8D10B500D4A28E /* main.m in Sources */,
			);
			runOnlyForDeploymentPostprocessing = 0;
		};
/* End PBXSourcesBuildPhase section */

/* Begin PBXVariantGroup section */
		ADB575341E8D10B500D4A28E /* Main.storyboard */ = {
			isa = PBXVariantGroup;
			children = (
				ADB575351E8D10B500D4A28E /* Base */,
			);
			name = Main.storyboard;
			sourceTree = "<group>";
		};
		ADB575391E8D10B500D4A28E /* LaunchScreen.storyboard */ = {
			isa = PBXVariantGroup;
			children = (
				ADB5753A1E8D10B500D4A28E /* Base */,
			);
			name = LaunchScreen.storyboard;
			sourceTree = "<group>";
		};
/* End PBXVariantGroup section */

/* Begin XCBuildConfiguration section */
		ADB5753D1E8D10B500D4A28E /* Debug */ = {
			isa = XCBuildConfiguration;
			buildSettings = {
				ALWAYS_SEARCH_USER_PATHS = NO;
				CLANG_ANALYZER_NONNULL = YES;
				CLANG_ANALYZER_NUMBER_OBJECT_CONVERSION = YES_AGGRESSIVE;
				CLANG_CXX_LANGUAGE_STANDARD = "gnu++0x";
				CLANG_CXX_LIBRARY = "libc++";
				CLANG_ENABLE_MODULES = YES;
				CLANG_ENABLE_OBJC_ARC = YES;
				CLANG_WARN_BOOL_CONVERSION = YES;
				CLANG_WARN_CONSTANT_CONVERSION = YES;
				CLANG_WARN_DIRECT_OBJC_ISA_USAGE = YES_ERROR;
				CLANG_WARN_DOCUMENTATION_COMMENTS = YES;
				CLANG_WARN_EMPTY_BODY = YES;
				CLANG_WARN_ENUM_CONVERSION = YES;
				CLANG_WARN_INFINITE_RECURSION = YES;
				CLANG_WARN_INT_CONVERSION = YES;
				CLANG_WARN_OBJC_ROOT_CLASS = YES_ERROR;
				CLANG_WARN_SUSPICIOUS_MOVE = YES;
				CLANG_WARN_UNREACHABLE_CODE = YES;
				CLANG_WARN__DUPLICATE_METHOD_MATCH = YES;
				"CODE_SIGN_IDENTITY[sdk=iphoneos*]" = "iPhone Developer";
				COPY_PHASE_STRIP = NO;
				DEBUG_INFORMATION_FORMAT = dwarf;
				ENABLE_STRICT_OBJC_MSGSEND = YES;
				ENABLE_TESTABILITY = YES;
				GCC_C_LANGUAGE_STANDARD = gnu99;
				GCC_DYNAMIC_NO_PIC = NO;
				GCC_NO_COMMON_BLOCKS = YES;
				GCC_OPTIMIZATION_LEVEL = 0;
				GCC_PREPROCESSOR_DEFINITIONS = (
					"DEBUG=1",
					"$(inherited)",
				);
				GCC_WARN_64_TO_32_BIT_CONVERSION = YES;
				GCC_WARN_ABOUT_RETURN_TYPE = YES_ERROR;
				GCC_WARN_UNDECLARED_SELECTOR = YES;
				GCC_WARN_UNINITIALIZED_AUTOS = YES_AGGRESSIVE;
				GCC_WARN_UNUSED_FUNCTION = YES;
				GCC_WARN_UNUSED_VARIABLE = YES;
				IPHONEOS_DEPLOYMENT_TARGET = 10.3;
				MTL_ENABLE_DEBUG_INFO = YES;
				ONLY_ACTIVE_ARCH = YES;
				SDKROOT = iphoneos;
			};
			name = Debug;
		};
		ADB5753E1E8D10B500D4A28E /* Release */ = {
			isa = XCBuildConfiguration;
			buildSettings = {
				ALWAYS_SEARCH_USER_PATHS = NO;
				CLANG_ANALYZER_NONNULL = YES;
				CLANG_ANALYZER_NUMBER_OBJECT_CONVERSION = YES_AGGRESSIVE;
				CLANG_CXX_LANGUAGE_STANDARD = "gnu++0x";
				CLANG_CXX_LIBRARY = "libc++";
				CLANG_ENABLE_MODULES = YES;
				CLANG_ENABLE_OBJC_ARC = YES;
				CLANG_WARN_BOOL_CONVERSION = YES;
				CLANG_WARN_CONSTANT_CONVERSION = YES;
				CLANG_WARN_DIRECT_OBJC_ISA_USAGE = YES_ERROR;
				CLANG_WARN_DOCUMENTATION_COMMENTS = YES;
				CLANG_WARN_EMPTY_BODY = YES;
				CLANG_WARN_ENUM_CONVERSION = YES;
				CLANG_WARN_INFINITE_RECURSION = YES;
				CLANG_WARN_INT_CONVERSION = YES;
				CLANG_WARN_OBJC_ROOT_CLASS = YES_ERROR;
				CLANG_WARN_SUSPICIOUS_MOVE = YES;
				CLANG_WARN_UNREACHABLE_CODE = YES;
				CLANG_WARN__DUPLICATE_METHOD_MATCH = YES;
				"CODE_SIGN_IDENTITY[sdk=iphoneos*]" = "iPhone Developer";
				COPY_PHASE_STRIP = NO;
				DEBUG_INFORMATION_FORMAT = "dwarf-with-dsym";
				ENABLE_NS_ASSERTIONS = NO;
				ENABLE_STRICT_OBJC_MSGSEND = YES;
				GCC_C_LANGUAGE_STANDARD = gnu99;
				GCC_NO_COMMON_BLOCKS = YES;
				GCC_WARN_64_TO_32_BIT_CONVERSION = YES;
				GCC_WARN_ABOUT_RETURN_TYPE = YES_ERROR;
				GCC_WARN_UNDECLARED_SELECTOR = YES;
				GCC_WARN_UNINITIALIZED_AUTOS = YES_AGGRESSIVE;
				GCC_WARN_UNUSED_FUNCTION = YES;
				GCC_WARN_UNUSED_VARIABLE = YES;
				IPHONEOS_DEPLOYMENT_TARGET = 10.3;
				MTL_ENABLE_DEBUG_INFO = NO;
				SDKROOT = iphoneos;
				VALIDATE_PRODUCT = YES;
			};
			name = Release;
		};
		ADB575401E8D10B500D4A28E /* Debug */ = {
			isa = XCBuildConfiguration;
			buildSettings = {
				ASSETCATALOG_COMPILER_APPICON_NAME = AppIcon;
				INFOPLIST_FILE = FlipAnimation/Info.plist;
				LD_RUNPATH_SEARCH_PATHS = "$(inherited) @executable_path/Frameworks";
				PRODUCT_BUNDLE_IDENTIFIER = com.syang.FlipAnimation;
				PRODUCT_NAME = "$(TARGET_NAME)";
			};
			name = Debug;
		};
		ADB575411E8D10B500D4A28E /* Release */ = {
			isa = XCBuildConfiguration;
			buildSettings = {
				ASSETCATALOG_COMPILER_APPICON_NAME = AppIcon;
				INFOPLIST_FILE = FlipAnimation/Info.plist;
				LD_RUNPATH_SEARCH_PATHS = "$(inherited) @executable_path/Frameworks";
				PRODUCT_BUNDLE_IDENTIFIER = com.syang.FlipAnimation;
				PRODUCT_NAME = "$(TARGET_NAME)";
			};
			name = Release;
		};
/* End XCBuildConfiguration section */

/* Begin XCConfigurationList section */
		ADB575231E8D10B500D4A28E /* Build configuration list for PBXProject "FlipAnimation" */ = {
			isa = XCConfigurationList;
			buildConfigurations = (
				ADB5753D1E8D10B500D4A28E /* Debug */,
				ADB5753E1E8D10B500D4A28E /* Release */,
			);
			defaultConfigurationIsVisible = 0;
			defaultConfigurationName = Release;
		};
		ADB5753F1E8D10B500D4A28E /* Build configuration list for PBXNativeTarget "FlipAnimation" */ = {
			isa = XCConfigurationList;
			buildConfigurations = (
				ADB575401E8D10B500D4A28E /* Debug */,
				ADB575411E8D10B500D4A28E /* Release */,
			);
			defaultConfigurationIsVisible = 0;
		};
/* End XCConfigurationList section */
	};
	rootObject = ADB575201E8D10B500D4A28E /* Project object */;
}
